
Microsoft Visual Studio Solution File, Format Version 12.00
# Visual Studio Version 16
VisualStudioVersion = 16.0.31702.278
MinimumVisualStudioVersion = 10.0.40219.1
Project("{FAE04EC0-301F-11D3-BF4B-00C04F79EFBC}") = "PolimorfismoAbstrato", "PolimorfismoAbstrato\PolimorfismoAbstrato.csproj", "{880D4828-5A51-4A31-986F-AC6205CA448B}"
EndProject
Global
	GlobalSection(SolutionConfigurationPlatforms) = preSolution
		Debug|Any CPU = Debug|Any CPU
		Release|Any CPU = Release|Any CPU
	EndGlobalSection
	GlobalSection(ProjectConfigurationPlatforms) = postSolution
		{880D4828-5A51-4A31-986F-AC6205CA448B}.Debug|Any CPU.ActiveCfg = Debug|Any CPU
		{880D4828-5A51-4A31-986F-AC6205CA448B}.Debug|Any CPU.Build.0 = Debug|Any CPU
		{880D4828-5A51-4A31-986F-AC6205CA448B}.Release|Any CPU.ActiveCfg = Release|Any CPU
		{880D4828-5A51-4A31-986F-AC6205CA448B}.Release|Any CPU.Build.0 = Release|Any CPU
	EndGlobalSection
	GlobalSection(SolutionProperties) = preSolution
		HideSolutionNode = FALSE
	EndGlobalSection
	GlobalSection(ExtensibilityGlobals) = postSolution
		SolutionGuid = {F04C54B3-40C7-402B-9136-749BFF7E0B41}
	EndGlobalSection
EndGlobal
